// !$*UTF8*$!
{
	archiveVersion = 1;
	classes = {
	};
	objectVersion = 55;
	objects = {

/* Begin PBXBuildFile section */
		40137859290AAA64007CEC04 /* AppDelegate.swift in Sources */ = {isa = PBXBuildFile; fileRef = 40137858290AAA64007CEC04 /* AppDelegate.swift */; };
		4013785B290AAA64007CEC04 /* SceneDelegate.swift in Sources */ = {isa = PBXBuildFile; fileRef = 4013785A290AAA64007CEC04 /* SceneDelegate.swift */; };
		4013785D290AAA64007CEC04 /* ViewController.swift in Sources */ = {isa = PBXBuildFile; fileRef = 4013785C290AAA64007CEC04 /* ViewController.swift */; };
		40137860290AAA64007CEC04 /* Main.storyboard in Resources */ = {isa = PBXBuildFile; fileRef = 4013785E290AAA64007CEC04 /* Main.storyboard */; };
		40137862290AAA67007CEC04 /* Assets.xcassets in Resources */ = {isa = PBXBuildFile; fileRef = 40137861290AAA67007CEC04 /* Assets.xcassets */; };
		40137865290AAA67007CEC04 /* LaunchScreen.storyboard in Resources */ = {isa = PBXBuildFile; fileRef = 40137863290AAA67007CEC04 /* LaunchScreen.storyboard */; };
		4013786D29113BC5007CEC04 /* Inceptionv3.mlmodel in Sources */ = {isa = PBXBuildFile; fileRef = 4013786C29113BC5007CEC04 /* Inceptionv3.mlmodel */; };
		40137874292665DD007CEC04 /* FlowerModel.swift in Sources */ = {isa = PBXBuildFile; fileRef = 40137873292665DD007CEC04 /* FlowerModel.swift */; };
		4013787629266657007CEC04 /* FlowerManager.swift in Sources */ = {isa = PBXBuildFile; fileRef = 4013787529266657007CEC04 /* FlowerManager.swift */; };
		8D67922701130A313D4195AB /* Pods_WhatFlowerScanner.framework in Frameworks */ = {isa = PBXBuildFile; fileRef = 721AD4BA23F28C77EFD7F05B /* Pods_WhatFlowerScanner.framework */; };
/* End PBXBuildFile section */

/* Begin PBXFileReference section */
		40137855290AAA64007CEC04 /* WhatFlowerScanner.app */ = {isa = PBXFileReference; explicitFileType = wrapper.application; includeInIndex = 0; path = WhatFlowerScanner.app; sourceTree = BUILT_PRODUCTS_DIR; };
		40137858290AAA64007CEC04 /* AppDelegate.swift */ = {isa = PBXFileReference; lastKnownFileType = sourcecode.swift; path = AppDelegate.swift; sourceTree = "<group>"; };
		4013785A290AAA64007CEC04 /* SceneDelegate.swift */ = {isa = PBXFileReference; lastKnownFileType = sourcecode.swift; path = SceneDelegate.swift; sourceTree = "<group>"; };
		4013785C290AAA64007CEC04 /* ViewController.swift */ = {isa = PBXFileReference; lastKnownFileType = sourcecode.swift; path = ViewController.swift; sourceTree = "<group>"; };
		4013785F290AAA64007CEC04 /* Base */ = {isa = PBXFileReference; lastKnownFileType = file.storyboard; name = Base; path = Base.lproj/Main.storyboard; sourceTree = "<group>"; };
		40137861290AAA67007CEC04 /* Assets.xcassets */ = {isa = PBXFileReference; lastKnownFileType = folder.assetcatalog; path = Assets.xcassets; sourceTree = "<group>"; };
		40137864290AAA67007CEC04 /* Base */ = {isa = PBXFileReference; lastKnownFileType = file.storyboard; name = Base; path = Base.lproj/LaunchScreen.storyboard; sourceTree = "<group>"; };
		40137866290AAA67007CEC04 /* Info.plist */ = {isa = PBXFileReference; lastKnownFileType = text.plist.xml; path = Info.plist; sourceTree = "<group>"; };
		4013786C29113BC5007CEC04 /* Inceptionv3.mlmodel */ = {isa = PBXFileReference; lastKnownFileType = file.mlmodel; path = Inceptionv3.mlmodel; sourceTree = "<group>"; };
		40137873292665DD007CEC04 /* FlowerModel.swift */ = {isa = PBXFileReference; lastKnownFileType = sourcecode.swift; path = FlowerModel.swift; sourceTree = "<group>"; };
		4013787529266657007CEC04 /* FlowerManager.swift */ = {isa = PBXFileReference; lastKnownFileType = sourcecode.swift; path = FlowerManager.swift; sourceTree = "<group>"; };
		721AD4BA23F28C77EFD7F05B /* Pods_WhatFlowerScanner.framework */ = {isa = PBXFileReference; explicitFileType = wrapper.framework; includeInIndex = 0; path = Pods_WhatFlowerScanner.framework; sourceTree = BUILT_PRODUCTS_DIR; };
		96C1BC4EBAB6ACB39DE20E1E /* Pods-WhatFlowerScanner.release.xcconfig */ = {isa = PBXFileReference; includeInIndex = 1; lastKnownFileType = text.xcconfig; name = "Pods-WhatFlowerScanner.release.xcconfig"; path = "Target Support Files/Pods-WhatFlowerScanner/Pods-WhatFlowerScanner.release.xcconfig"; sourceTree = "<group>"; };
		C4D6E8CB5F80C789BF00A075 /* Pods-WhatFlowerScanner.debug.xcconfig */ = {isa = PBXFileReference; includeInIndex = 1; lastKnownFileType = text.xcconfig; name = "Pods-WhatFlowerScanner.debug.xcconfig"; path = "Target Support Files/Pods-WhatFlowerScanner/Pods-WhatFlowerScanner.debug.xcconfig"; sourceTree = "<group>"; };
/* End PBXFileReference section */

/* Begin PBXFrameworksBuildPhase section */
		40137852290AAA64007CEC04 /* Frameworks */ = {
			isa = PBXFrameworksBuildPhase;
			buildActionMask = 2147483647;
			files = (
				8D67922701130A313D4195AB /* Pods_WhatFlowerScanner.framework in Frameworks */,
			);
			runOnlyForDeploymentPostprocessing = 0;
		};
/* End PBXFrameworksBuildPhase section */

/* Begin PBXGroup section */
		4013784C290AAA64007CEC04 = {
			isa = PBXGroup;
			children = (
				40137857290AAA64007CEC04 /* WhatFlowerScanner */,
				40137856290AAA64007CEC04 /* Products */,
				BDBED7B80575063D807699A2 /* Pods */,
				D54F698C18919DFC65D4639B /* Frameworks */,
			);
			sourceTree = "<group>";
		};
		40137856290AAA64007CEC04 /* Products */ = {
			isa = PBXGroup;
			children = (
				40137855290AAA64007CEC04 /* WhatFlowerScanner.app */,
			);
			name = Products;
			sourceTree = "<group>";
		};
		40137857290AAA64007CEC04 /* WhatFlowerScanner */ = {
			isa = PBXGroup;
			children = (
				40137870292660FB007CEC04 /* Controller */,
				4013786F292660EE007CEC04 /* View */,
				4013786E292660E0007CEC04 /* Model */,
				40137858290AAA64007CEC04 /* AppDelegate.swift */,
				4013785A290AAA64007CEC04 /* SceneDelegate.swift */,
				40137861290AAA67007CEC04 /* Assets.xcassets */,
				40137863290AAA67007CEC04 /* LaunchScreen.storyboard */,
				4013786C29113BC5007CEC04 /* Inceptionv3.mlmodel */,
				40137866290AAA67007CEC04 /* Info.plist */,
			);
			path = WhatFlowerScanner;
			sourceTree = "<group>";
		};
		4013786E292660E0007CEC04 /* Model */ = {
			isa = PBXGroup;
			children = (
				40137873292665DD007CEC04 /* FlowerModel.swift */,
				4013787529266657007CEC04 /* FlowerManager.swift */,
			);
			path = Model;
			sourceTree = "<group>";
		};
		4013786F292660EE007CEC04 /* View */ = {
			isa = PBXGroup;
			children = (
				4013785E290AAA64007CEC04 /* Main.storyboard */,
			);
			path = View;
			sourceTree = "<group>";
		};
		40137870292660FB007CEC04 /* Controller */ = {
			isa = PBXGroup;
			children = (
				4013785C290AAA64007CEC04 /* ViewController.swift */,
			);
			path = Controller;
			sourceTree = "<group>";
		};
		BDBED7B80575063D807699A2 /* Pods */ = {
			isa = PBXGroup;
			children = (
				C4D6E8CB5F80C789BF00A075 /* Pods-WhatFlowerScanner.debug.xcconfig */,
				96C1BC4EBAB6ACB39DE20E1E /* Pods-WhatFlowerScanner.release.xcconfig */,
			);
			path = Pods;
			sourceTree = "<group>";
		};
		D54F698C18919DFC65D4639B /* Frameworks */ = {
			isa = PBXGroup;
			children = (
				721AD4BA23F28C77EFD7F05B /* Pods_WhatFlowerScanner.framework */,
			);
			name = Frameworks;
			sourceTree = "<group>";
		};
/* End PBXGroup section */

/* Begin PBXNativeTarget section */
		40137854290AAA64007CEC04 /* WhatFlowerScanner */ = {
			isa = PBXNativeTarget;
			buildConfigurationList = 40137869290AAA67007CEC04 /* Build configuration list for PBXNativeTarget "WhatFlowerScanner" */;
			buildPhases = (
				2B86AAE2275B15E04CCCB726 /* [CP] Check Pods Manifest.lock */,
				40137851290AAA64007CEC04 /* Sources */,
				40137852290AAA64007CEC04 /* Frameworks */,
				40137853290AAA64007CEC04 /* Resources */,
				B08399A569190D2EB9D6D407 /* [CP] Embed Pods Frameworks */,
			);
			buildRules = (
			);
			dependencies = (
			);
			name = WhatFlowerScanner;
			productName = WhatFlowerScanner;
			productReference = 40137855290AAA64007CEC04 /* WhatFlowerScanner.app */;
			productType = "com.apple.product-type.application";
		};
/* End PBXNativeTarget section */

/* Begin PBXProject section */
		4013784D290AAA64007CEC04 /* Project object */ = {
			isa = PBXProject;
			attributes = {
				BuildIndependentTargetsInParallel = 1;
				LastSwiftUpdateCheck = 1400;
				LastUpgradeCheck = 1400;
				TargetAttributes = {
					40137854290AAA64007CEC04 = {
						CreatedOnToolsVersion = 14.0.1;
					};
				};
			};
			buildConfigurationList = 40137850290AAA64007CEC04 /* Build configuration list for PBXProject "WhatFlowerScanner" */;
			compatibilityVersion = "Xcode 13.0";
			developmentRegion = en;
			hasScannedForEncodings = 0;
			knownRegions = (
				en,
				Base,
			);
			mainGroup = 4013784C290AAA64007CEC04;
			productRefGroup = 40137856290AAA64007CEC04 /* Products */;
			projectDirPath = "";
			projectRoot = "";
			targets = (
				40137854290AAA64007CEC04 /* WhatFlowerScanner */,
			);
		};
/* End PBXProject section */

/* Begin PBXResourcesBuildPhase section */
		40137853290AAA64007CEC04 /* Resources */ = {
			isa = PBXResourcesBuildPhase;
			buildActionMask = 2147483647;
			files = (
				40137865290AAA67007CEC04 /* LaunchScreen.storyboard in Resources */,
				40137862290AAA67007CEC04 /* Assets.xcassets in Resources */,
				40137860290AAA64007CEC04 /* Main.storyboard in Resources */,
			);
			runOnlyForDeploymentPostprocessing = 0;
		};
/* End PBXResourcesBuildPhase section */

/* Begin PBXShellScriptBuildPhase section */
		2B86AAE2275B15E04CCCB726 /* [CP] Check Pods Manifest.lock */ = {
			isa = PBXShellScriptBuildPhase;
			buildActionMask = 2147483647;
			files = (
			);
			inputFileListPaths = (
			);
			inputPaths = (
				"${PODS_PODFILE_DIR_PATH}/Podfile.lock",
				"${PODS_ROOT}/Manifest.lock",
			);
			name = "[CP] Check Pods Manifest.lock";
			outputFileListPaths = (
			);
			outputPaths = (
				"$(DERIVED_FILE_DIR)/Pods-WhatFlowerScanner-checkManifestLockResult.txt",
			);
			runOnlyForDeploymentPostprocessing = 0;
			shellPath = /bin/sh;
			shellScript = "diff \"${PODS_PODFILE_DIR_PATH}/Podfile.lock\" \"${PODS_ROOT}/Manifest.lock\" > /dev/null\nif [ $? != 0 ] ; then\n    # print error to STDERR\n    echo \"error: The sandbox is not in sync with the Podfile.lock. Run 'pod install' or update your CocoaPods installation.\" >&2\n    exit 1\nfi\n# This output is used by Xcode 'outputs' to avoid re-running this script phase.\necho \"SUCCESS\" > \"${SCRIPT_OUTPUT_FILE_0}\"\n";
			showEnvVarsInLog = 0;
		};
		B08399A569190D2EB9D6D407 /* [CP] Embed Pods Frameworks */ = {
			isa = PBXShellScriptBuildPhase;
			buildActionMask = 2147483647;
			files = (
			);
			inputFileListPaths = (
				"${PODS_ROOT}/Target Support Files/Pods-WhatFlowerScanner/Pods-WhatFlowerScanner-frameworks-${CONFIGURATION}-input-files.xcfilelist",
			);
			name = "[CP] Embed Pods Frameworks";
			outputFileListPaths = (
				"${PODS_ROOT}/Target Support Files/Pods-WhatFlowerScanner/Pods-WhatFlowerScanner-frameworks-${CONFIGURATION}-output-files.xcfilelist",
			);
			runOnlyForDeploymentPostprocessing = 0;
			shellPath = /bin/sh;
			shellScript = "\"${PODS_ROOT}/Target Support Files/Pods-WhatFlowerScanner/Pods-WhatFlowerScanner-frameworks.sh\"\n";
			showEnvVarsInLog = 0;
		};
/* End PBXShellScriptBuildPhase section */

/* Begin PBXSourcesBuildPhase section */
		40137851290AAA64007CEC04 /* Sources */ = {
			isa = PBXSourcesBuildPhase;
			buildActionMask = 2147483647;
			files = (
				4013785D290AAA64007CEC04 /* ViewController.swift in Sources */,
				4013786D29113BC5007CEC04 /* Inceptionv3.mlmodel in Sources */,
				40137859290AAA64007CEC04 /* AppDelegate.swift in Sources */,
				4013785B290AAA64007CEC04 /* SceneDelegate.swift in Sources */,
				4013787629266657007CEC04 /* FlowerManager.swift in Sources */,
				40137874292665DD007CEC04 /* FlowerModel.swift in Sources */,
			);
			runOnlyForDeploymentPostprocessing = 0;
		};
/* End PBXSourcesBuildPhase section */

/* Begin PBXVariantGroup section */
		4013785E290AAA64007CEC04 /* Main.storyboard */ = {
			isa = PBXVariantGroup;
			children = (
				4013785F290AAA64007CEC04 /* Base */,
			);
			name = Main.storyboard;
			sourceTree = "<group>";
		};
		40137863290AAA67007CEC04 /* LaunchScreen.storyboard */ = {
			isa = PBXVariantGroup;
			children = (
				40137864290AAA67007CEC04 /* Base */,
			);
			name = LaunchScreen.storyboard;
			sourceTree = "<group>";
		};
/* End PBXVariantGroup section */

/* Begin XCBuildConfiguration section */
		40137867290AAA67007CEC04 /* Debug */ = {
			isa = XCBuildConfiguration;
			buildSettings = {
				ALWAYS_SEARCH_USER_PATHS = NO;
				CLANG_ANALYZER_NONNULL = YES;
				CLANG_ANALYZER_NUMBER_OBJECT_CONVERSION = YES_AGGRESSIVE;
				CLANG_CXX_LANGUAGE_STANDARD = "gnu++20";
				CLANG_ENABLE_MODULES = YES;
				CLANG_ENABLE_OBJC_ARC = YES;
				CLANG_ENABLE_OBJC_WEAK = YES;
				CLANG_WARN_BLOCK_CAPTURE_AUTORELEASING = YES;
				CLANG_WARN_BOOL_CONVERSION = YES;
				CLANG_WARN_COMMA = YES;
				CLANG_WARN_CONSTANT_CONVERSION = YES;
				CLANG_WARN_DEPRECATED_OBJC_IMPLEMENTATIONS = YES;
				CLANG_WARN_DIRECT_OBJC_ISA_USAGE = YES_ERROR;
				CLANG_WARN_DOCUMENTATION_COMMENTS = YES;
				CLANG_WARN_EMPTY_BODY = YES;
				CLANG_WARN_ENUM_CONVERSION = YES;
				CLANG_WARN_INFINITE_RECURSION = YES;
				CLANG_WARN_INT_CONVERSION = YES;
				CLANG_WARN_NON_LITERAL_NULL_CONVERSION = YES;
				CLANG_WARN_OBJC_IMPLICIT_RETAIN_SELF = YES;
				CLANG_WARN_OBJC_LITERAL_CONVERSION = YES;
				CLANG_WARN_OBJC_ROOT_CLASS = YES_ERROR;
				CLANG_WARN_QUOTED_INCLUDE_IN_FRAMEWORK_HEADER = YES;
				CLANG_WARN_RANGE_LOOP_ANALYSIS = YES;
				CLANG_WARN_STRICT_PROTOTYPES = YES;
				CLANG_WARN_SUSPICIOUS_MOVE = YES;
				CLANG_WARN_UNGUARDED_AVAILABILITY = YES_AGGRESSIVE;
				CLANG_WARN_UNREACHABLE_CODE = YES;
				CLANG_WARN__DUPLICATE_METHOD_MATCH = YES;
				COPY_PHASE_STRIP = NO;
				DEBUG_INFORMATION_FORMAT = dwarf;
				ENABLE_STRICT_OBJC_MSGSEND = YES;
				ENABLE_TESTABILITY = YES;
				GCC_C_LANGUAGE_STANDARD = gnu11;
				GCC_DYNAMIC_NO_PIC = NO;
				GCC_NO_COMMON_BLOCKS = YES;
				GCC_OPTIMIZATION_LEVEL = 0;
				GCC_PREPROCESSOR_DEFINITIONS = (
					"DEBUG=1",
					"$(inherited)",
				);
				GCC_WARN_64_TO_32_BIT_CONVERSION = YES;
				GCC_WARN_ABOUT_RETURN_TYPE = YES_ERROR;
				GCC_WARN_UNDECLARED_SELECTOR = YES;
				GCC_WARN_UNINITIALIZED_AUTOS = YES_AGGRESSIVE;
				GCC_WARN_UNUSED_FUNCTION = YES;
				GCC_WARN_UNUSED_VARIABLE = YES;
				IPHONEOS_DEPLOYMENT_TARGET = 16.0;
				MTL_ENABLE_DEBUG_INFO = INCLUDE_SOURCE;
				MTL_FAST_MATH = YES;
				ONLY_ACTIVE_ARCH = YES;
				SDKROOT = iphoneos;
				SWIFT_ACTIVE_COMPILATION_CONDITIONS = DEBUG;
				SWIFT_OPTIMIZATION_LEVEL = "-Onone";
			};
			name = Debug;
		};
		40137868290AAA67007CEC04 /* Release */ = {
			isa = XCBuildConfiguration;
			buildSettings = {
				ALWAYS_SEARCH_USER_PATHS = NO;
				CLANG_ANALYZER_NONNULL = YES;
				CLANG_ANALYZER_NUMBER_OBJECT_CONVERSION = YES_AGGRESSIVE;
				CLANG_CXX_LANGUAGE_STANDARD = "gnu++20";
				CLANG_ENABLE_MODULES = YES;
				CLANG_ENABLE_OBJC_ARC = YES;
				CLANG_ENABLE_OBJC_WEAK = YES;
				CLANG_WARN_BLOCK_CAPTURE_AUTORELEASING = YES;
				CLANG_WARN_BOOL_CONVERSION = YES;
				CLANG_WARN_COMMA = YES;
				CLANG_WARN_CONSTANT_CONVERSION = YES;
				CLANG_WARN_DEPRECATED_OBJC_IMPLEMENTATIONS = YES;
				CLANG_WARN_DIRECT_OBJC_ISA_USAGE = YES_ERROR;
				CLANG_WARN_DOCUMENTATION_COMMENTS = YES;
				CLANG_WARN_EMPTY_BODY = YES;
				CLANG_WARN_ENUM_CONVERSION = YES;
				CLANG_WARN_INFINITE_RECURSION = YES;
				CLANG_WARN_INT_CONVERSION = YES;
				CLANG_WARN_NON_LITERAL_NULL_CONVERSION = YES;
				CLANG_WARN_OBJC_IMPLICIT_RETAIN_SELF = YES;
				CLANG_WARN_OBJC_LITERAL_CONVERSION = YES;
				CLANG_WARN_OBJC_ROOT_CLASS = YES_ERROR;
				CLANG_WARN_QUOTED_INCLUDE_IN_FRAMEWORK_HEADER = YES;
				CLANG_WARN_RANGE_LOOP_ANALYSIS = YES;
				CLANG_WARN_STRICT_PROTOTYPES = YES;
				CLANG_WARN_SUSPICIOUS_MOVE = YES;
				CLANG_WARN_UNGUARDED_AVAILABILITY = YES_AGGRESSIVE;
				CLANG_WARN_UNREACHABLE_CODE = YES;
				CLANG_WARN__DUPLICATE_METHOD_MATCH = YES;
				COPY_PHASE_STRIP = NO;
				DEBUG_INFORMATION_FORMAT = "dwarf-with-dsym";
				ENABLE_NS_ASSERTIONS = NO;
				ENABLE_STRICT_OBJC_MSGSEND = YES;
				GCC_C_LANGUAGE_STANDARD = gnu11;
				GCC_NO_COMMON_BLOCKS = YES;
				GCC_WARN_64_TO_32_BIT_CONVERSION = YES;
				GCC_WARN_ABOUT_RETURN_TYPE = YES_ERROR;
				GCC_WARN_UNDECLARED_SELECTOR = YES;
				GCC_WARN_UNINITIALIZED_AUTOS = YES_AGGRESSIVE;
				GCC_WARN_UNUSED_FUNCTION = YES;
				GCC_WARN_UNUSED_VARIABLE = YES;
				IPHONEOS_DEPLOYMENT_TARGET = 16.0;
				MTL_ENABLE_DEBUG_INFO = NO;
				MTL_FAST_MATH = YES;
				SDKROOT = iphoneos;
				SWIFT_COMPILATION_MODE = wholemodule;
				SWIFT_OPTIMIZATION_LEVEL = "-O";
				VALIDATE_PRODUCT = YES;
			};
			name = Release;
		};
		4013786A290AAA67007CEC04 /* Debug */ = {
			isa = XCBuildConfiguration;
			baseConfigurationReference = C4D6E8CB5F80C789BF00A075 /* Pods-WhatFlowerScanner.debug.xcconfig */;
			buildSettings = {
				ASSETCATALOG_COMPILER_APPICON_NAME = AppIcon;
				ASSETCATALOG_COMPILER_GLOBAL_ACCENT_COLOR_NAME = AccentColor;
				CODE_SIGN_STYLE = Automatic;
				CURRENT_PROJECT_VERSION = 1;
				DEVELOPMENT_TEAM = M9MT23QW7V;
				GENERATE_INFOPLIST_FILE = YES;
				INFOPLIST_FILE = WhatFlowerScanner/Info.plist;
				INFOPLIST_KEY_UIApplicationSupportsIndirectInputEvents = YES;
				INFOPLIST_KEY_UILaunchStoryboardName = LaunchScreen;
				INFOPLIST_KEY_UIMainStoryboardFile = Main;
				INFOPLIST_KEY_UISupportedInterfaceOrientations_iPad = "UIInterfaceOrientationPortrait UIInterfaceOrientationPortraitUpsideDown UIInterfaceOrientationLandscapeLeft UIInterfaceOrientationLandscapeRight";
				INFOPLIST_KEY_UISupportedInterfaceOrientations_iPhone = "UIInterfaceOrientationPortrait UIInterfaceOrientationLandscapeLeft UIInterfaceOrientationLandscapeRight";
				LD_RUNPATH_SEARCH_PATHS = (
					"$(inherited)",
					"@executable_path/Frameworks",
				);
				MARKETING_VERSION = 1.0;
				PRODUCT_BUNDLE_IDENTIFIER = noahpope.WhatFlowerScanner;
				PRODUCT_NAME = "$(TARGET_NAME)";
				SWIFT_EMIT_LOC_STRINGS = YES;
				SWIFT_VERSION = 5.0;
				TARGETED_DEVICE_FAMILY = "1,2";
			};
			name = Debug;
		};
		4013786B290AAA67007CEC04 /* Release */ = {
			isa = XCBuildConfiguration;
			baseConfigurationReference = 96C1BC4EBAB6ACB39DE20E1E /* Pods-WhatFlowerScanner.release.xcconfig */;
			buildSettings = {
				ASSETCATALOG_COMPILER_APPICON_NAME = AppIcon;
				ASSETCATALOG_COMPILER_GLOBAL_ACCENT_COLOR_NAME = AccentColor;
				CODE_SIGN_STYLE = Automatic;
				CURRENT_PROJECT_VERSION = 1;
				DEVELOPMENT_TEAM = M9MT23QW7V;
				GENERATE_INFOPLIST_FILE = YES;
				INFOPLIST_FILE = WhatFlowerScanner/Info.plist;
				INFOPLIST_KEY_UIApplicationSupportsIndirectInputEvents = YES;
				INFOPLIST_KEY_UILaunchStoryboardName = LaunchScreen;
				INFOPLIST_KEY_UIMainStoryboardFile = Main;
				INFOPLIST_KEY_UISupportedInterfaceOrientations_iPad = "UIInterfaceOrientationPortrait UIInterfaceOrientationPortraitUpsideDown UIInterfaceOrientationLandscapeLeft UIInterfaceOrientationLandscapeRight";
				INFOPLIST_KEY_UISupportedInterfaceOrientations_iPhone = "UIInterfaceOrientationPortrait UIInterfaceOrientationLandscapeLeft UIInterfaceOrientationLandscapeRight";
				LD_RUNPATH_SEARCH_PATHS = (
					"$(inherited)",
					"@executable_path/Frameworks",
				);
				MARKETING_VERSION = 1.0;
				PRODUCT_BUNDLE_IDENTIFIER = noahpope.WhatFlowerScanner;
				PRODUCT_NAME = "$(TARGET_NAME)";
				SWIFT_EMIT_LOC_STRINGS = YES;
				SWIFT_VERSION = 5.0;
				TARGETED_DEVICE_FAMILY = "1,2";
			};
			name = Release;
		};
/* End XCBuildConfiguration section */

/* Begin XCConfigurationList section */
		40137850290AAA64007CEC04 /* Build configuration list for PBXProject "WhatFlowerScanner" */ = {
			isa = XCConfigurationList;
			buildConfigurations = (
				40137867290AAA67007CEC04 /* Debug */,
				40137868290AAA67007CEC04 /* Release */,
			);
			defaultConfigurationIsVisible = 0;
			defaultConfigurationName = Release;
		};
		40137869290AAA67007CEC04 /* Build configuration list for PBXNativeTarget "WhatFlowerScanner" */ = {
			isa = XCConfigurationList;
			buildConfigurations = (
				4013786A290AAA67007CEC04 /* Debug */,
				4013786B290AAA67007CEC04 /* Release */,
			);
			defaultConfigurationIsVisible = 0;
			defaultConfigurationName = Release;
		};
/* End XCConfigurationList section */
	};
	rootObject = 4013784D290AAA64007CEC04 /* Project object */;
}
